
Microsoft Visual Studio Solution File, Format Version 12.00
# Visual Studio Version 17
VisualStudioVersion = 17.4.33103.184
MinimumVisualStudioVersion = 10.0.40219.1
Project("{FAE04EC0-301F-11D3-BF4B-00C04F79EFBC}") = "Lab_1", "Lab_1.csproj", "{C2049520-C020-4766-8153-B53811C03F7D}"
EndProject
Global
	GlobalSection(SolutionConfigurationPlatforms) = preSolution
		Debug|Any CPU = Debug|Any CPU
		Release|Any CPU = Release|Any CPU
	EndGlobalSection
	GlobalSection(ProjectConfigurationPlatforms) = postSolution
		{C2049520-C020-4766-8153-B53811C03F7D}.Debug|Any CPU.ActiveCfg = Debug|Any CPU
		{C2049520-C020-4766-8153-B53811C03F7D}.Debug|Any CPU.Build.0 = Debug|Any CPU
		{C2049520-C020-4766-8153-B53811C03F7D}.Release|Any CPU.ActiveCfg = Release|Any CPU
		{C2049520-C020-4766-8153-B53811C03F7D}.Release|Any CPU.Build.0 = Release|Any CPU
	EndGlobalSection
	GlobalSection(SolutionProperties) = preSolution
		HideSolutionNode = FALSE
	EndGlobalSection
	GlobalSection(ExtensibilityGlobals) = postSolution
		SolutionGuid = {F2A6FADC-8387-4EB4-91F4-7A2564AAD89C}
	EndGlobalSection
EndGlobal
