
Microsoft Visual Studio Solution File, Format Version 12.00
# Visual Studio Version 17
VisualStudioVersion = 17.4.33103.184
MinimumVisualStudioVersion = 10.0.40219.1
Project("{FAE04EC0-301F-11D3-BF4B-00C04F79EFBC}") = "Lab1", "Lab1.csproj", "{5C6D63CC-EF17-4754-A7DA-E7B5071892A4}"
EndProject
Global
	GlobalSection(SolutionConfigurationPlatforms) = preSolution
		Debug|Any CPU = Debug|Any CPU
		Release|Any CPU = Release|Any CPU
	EndGlobalSection
	GlobalSection(ProjectConfigurationPlatforms) = postSolution
		{5C6D63CC-EF17-4754-A7DA-E7B5071892A4}.Debug|Any CPU.ActiveCfg = Debug|Any CPU
		{5C6D63CC-EF17-4754-A7DA-E7B5071892A4}.Debug|Any CPU.Build.0 = Debug|Any CPU
		{5C6D63CC-EF17-4754-A7DA-E7B5071892A4}.Release|Any CPU.ActiveCfg = Release|Any CPU
		{5C6D63CC-EF17-4754-A7DA-E7B5071892A4}.Release|Any CPU.Build.0 = Release|Any CPU
	EndGlobalSection
	GlobalSection(SolutionProperties) = preSolution
		HideSolutionNode = FALSE
	EndGlobalSection
	GlobalSection(ExtensibilityGlobals) = postSolution
		SolutionGuid = {E8246989-9BCF-4182-9204-9E8E1A560435}
	EndGlobalSection
EndGlobal
