
Microsoft Visual Studio Solution File, Format Version 12.00
# Visual Studio Version 17
VisualStudioVersion = 17.4.33103.184
MinimumVisualStudioVersion = 10.0.40219.1
Project("{FAE04EC0-301F-11D3-BF4B-00C04F79EFBC}") = "Lab", "Lab.csproj", "{B1B6B132-3210-498A-A7DF-9C4A7D2AC8A9}"
EndProject
Global
	GlobalSection(SolutionConfigurationPlatforms) = preSolution
		Debug|Any CPU = Debug|Any CPU
		Release|Any CPU = Release|Any CPU
	EndGlobalSection
	GlobalSection(ProjectConfigurationPlatforms) = postSolution
		{B1B6B132-3210-498A-A7DF-9C4A7D2AC8A9}.Debug|Any CPU.ActiveCfg = Debug|Any CPU
		{B1B6B132-3210-498A-A7DF-9C4A7D2AC8A9}.Debug|Any CPU.Build.0 = Debug|Any CPU
		{B1B6B132-3210-498A-A7DF-9C4A7D2AC8A9}.Release|Any CPU.ActiveCfg = Release|Any CPU
		{B1B6B132-3210-498A-A7DF-9C4A7D2AC8A9}.Release|Any CPU.Build.0 = Release|Any CPU
	EndGlobalSection
	GlobalSection(SolutionProperties) = preSolution
		HideSolutionNode = FALSE
	EndGlobalSection
	GlobalSection(ExtensibilityGlobals) = postSolution
		SolutionGuid = {D910FB03-E6BB-4D64-BEB9-D61BA24E5BDD}
	EndGlobalSection
EndGlobal
