
Microsoft Visual Studio Solution File, Format Version 12.00
# Visual Studio Version 17
VisualStudioVersion = 17.4.33103.184
MinimumVisualStudioVersion = 10.0.40219.1
Project("{FAE04EC0-301F-11D3-BF4B-00C04F79EFBC}") = "Lab", "Lab.csproj", "{650F2AA9-0628-4CCB-BF74-0301E13F2F23}"
EndProject
Global
	GlobalSection(SolutionConfigurationPlatforms) = preSolution
		Debug|Any CPU = Debug|Any CPU
		Release|Any CPU = Release|Any CPU
	EndGlobalSection
	GlobalSection(ProjectConfigurationPlatforms) = postSolution
		{650F2AA9-0628-4CCB-BF74-0301E13F2F23}.Debug|Any CPU.ActiveCfg = Debug|Any CPU
		{650F2AA9-0628-4CCB-BF74-0301E13F2F23}.Debug|Any CPU.Build.0 = Debug|Any CPU
		{650F2AA9-0628-4CCB-BF74-0301E13F2F23}.Release|Any CPU.ActiveCfg = Release|Any CPU
		{650F2AA9-0628-4CCB-BF74-0301E13F2F23}.Release|Any CPU.Build.0 = Release|Any CPU
	EndGlobalSection
	GlobalSection(SolutionProperties) = preSolution
		HideSolutionNode = FALSE
	EndGlobalSection
	GlobalSection(ExtensibilityGlobals) = postSolution
		SolutionGuid = {BD986719-557D-40ED-BCB2-193C55FA3DF8}
	EndGlobalSection
EndGlobal
