
Microsoft Visual Studio Solution File, Format Version 12.00
# Visual Studio Version 17
VisualStudioVersion = 17.4.33103.184
MinimumVisualStudioVersion = 10.0.40219.1
Project("{FAE04EC0-301F-11D3-BF4B-00C04F79EFBC}") = "Lab", "Lab.csproj", "{89908178-77EF-48FD-853C-ED01C47CE097}"
EndProject
Global
	GlobalSection(SolutionConfigurationPlatforms) = preSolution
		Debug|Any CPU = Debug|Any CPU
		Release|Any CPU = Release|Any CPU
	EndGlobalSection
	GlobalSection(ProjectConfigurationPlatforms) = postSolution
		{89908178-77EF-48FD-853C-ED01C47CE097}.Debug|Any CPU.ActiveCfg = Debug|Any CPU
		{89908178-77EF-48FD-853C-ED01C47CE097}.Debug|Any CPU.Build.0 = Debug|Any CPU
		{89908178-77EF-48FD-853C-ED01C47CE097}.Release|Any CPU.ActiveCfg = Release|Any CPU
		{89908178-77EF-48FD-853C-ED01C47CE097}.Release|Any CPU.Build.0 = Release|Any CPU
	EndGlobalSection
	GlobalSection(SolutionProperties) = preSolution
		HideSolutionNode = FALSE
	EndGlobalSection
	GlobalSection(ExtensibilityGlobals) = postSolution
		SolutionGuid = {2058EDF7-AB67-4D52-95CE-8CC464786EFB}
	EndGlobalSection
EndGlobal
